
Microsoft Visual Studio Solution File, Format Version 12.00
# Visual Studio Version 17
VisualStudioVersion = 17.8.34330.188
MinimumVisualStudioVersion = 10.0.40219.1
Project("{FAE04EC0-301F-11D3-BF4B-00C04F79EFBC}") = "AuthenAutherWebApp", "AuthenAutherWebApp\AuthenAutherWebApp.csproj", "{02E6DE2B-1E68-4CFE-B65A-C727B685AF8B}"
EndProject
Global
	GlobalSection(SolutionConfigurationPlatforms) = preSolution
		Debug|Any CPU = Debug|Any CPU
		Release|Any CPU = Release|Any CPU
	EndGlobalSection
	GlobalSection(ProjectConfigurationPlatforms) = postSolution
		{02E6DE2B-1E68-4CFE-B65A-C727B685AF8B}.Debug|Any CPU.ActiveCfg = Debug|Any CPU
		{02E6DE2B-1E68-4CFE-B65A-C727B685AF8B}.Debug|Any CPU.Build.0 = Debug|Any CPU
		{02E6DE2B-1E68-4CFE-B65A-C727B685AF8B}.Release|Any CPU.ActiveCfg = Release|Any CPU
		{02E6DE2B-1E68-4CFE-B65A-C727B685AF8B}.Release|Any CPU.Build.0 = Release|Any CPU
	EndGlobalSection
	GlobalSection(SolutionProperties) = preSolution
		HideSolutionNode = FALSE
	EndGlobalSection
	GlobalSection(ExtensibilityGlobals) = postSolution
		SolutionGuid = {694E89B5-0E28-47C5-AE2F-2DA998B7E1FC}
	EndGlobalSection
EndGlobal
